
Microsoft Visual Studio Solution File, Format Version 12.00
# Visual Studio 15
VisualStudioVersion = 15.0.27703.2026
MinimumVisualStudioVersion = 10.0.40219.1
Project("{8BC9CEB8-8B4A-11D0-8D11-00A0C91BC942}") = "UDPBasic_1_11_2018_Server", "UDPBasic_1_11_2018\UDPBasic_1_11_2018.vcxproj", "{8DC138B0-5710-494F-9C78-05B478708CFE}"
EndProject
Project("{8BC9CEB8-8B4A-11D0-8D11-00A0C91BC942}") = "UDPBasic_6_11_2018_Client", "UDPBasic_6_11_2018_Client\UDPBasic_6_11_2018_Client.vcxproj", "{D0A776EA-6AEA-4D9A-BF67-97F3D4EEE4FF}"
EndProject
Global
	GlobalSection(SolutionConfigurationPlatforms) = preSolution
		Debug|x64 = Debug|x64
		Debug|x86 = Debug|x86
		Release|x64 = Release|x64
		Release|x86 = Release|x86
	EndGlobalSection
	GlobalSection(ProjectConfigurationPlatforms) = postSolution
		{8DC138B0-5710-494F-9C78-05B478708CFE}.Debug|x64.ActiveCfg = Debug|x64
		{8DC138B0-5710-494F-9C78-05B478708CFE}.Debug|x64.Build.0 = Debug|x64
		{8DC138B0-5710-494F-9C78-05B478708CFE}.Debug|x86.ActiveCfg = Debug|Win32
		{8DC138B0-5710-494F-9C78-05B478708CFE}.Debug|x86.Build.0 = Debug|Win32
		{8DC138B0-5710-494F-9C78-05B478708CFE}.Release|x64.ActiveCfg = Release|x64
		{8DC138B0-5710-494F-9C78-05B478708CFE}.Release|x64.Build.0 = Release|x64
		{8DC138B0-5710-494F-9C78-05B478708CFE}.Release|x86.ActiveCfg = Release|Win32
		{8DC138B0-5710-494F-9C78-05B478708CFE}.Release|x86.Build.0 = Release|Win32
		{D0A776EA-6AEA-4D9A-BF67-97F3D4EEE4FF}.Debug|x64.ActiveCfg = Debug|x64
		{D0A776EA-6AEA-4D9A-BF67-97F3D4EEE4FF}.Debug|x64.Build.0 = Debug|x64
		{D0A776EA-6AEA-4D9A-BF67-97F3D4EEE4FF}.Debug|x86.ActiveCfg = Debug|Win32
		{D0A776EA-6AEA-4D9A-BF67-97F3D4EEE4FF}.Debug|x86.Build.0 = Debug|Win32
		{D0A776EA-6AEA-4D9A-BF67-97F3D4EEE4FF}.Release|x64.ActiveCfg = Release|x64
		{D0A776EA-6AEA-4D9A-BF67-97F3D4EEE4FF}.Release|x64.Build.0 = Release|x64
		{D0A776EA-6AEA-4D9A-BF67-97F3D4EEE4FF}.Release|x86.ActiveCfg = Release|Win32
		{D0A776EA-6AEA-4D9A-BF67-97F3D4EEE4FF}.Release|x86.Build.0 = Release|Win32
	EndGlobalSection
	GlobalSection(SolutionProperties) = preSolution
		HideSolutionNode = FALSE
	EndGlobalSection
	GlobalSection(ExtensibilityGlobals) = postSolution
		SolutionGuid = {3E9DF12D-D568-4763-A95A-963E4CD8B411}
	EndGlobalSection
EndGlobal
